# This file is autogenerated, do not edit; changes may be undone by the next 'dep ensure'.


[[projects]]
  branch = "master"
  digest = "1:c9b708c1f1860d15efdae80d8d636425af5da4b43af6ef5826be1278e51a7d53"
  name = "github.com/cloudevents/sdk-go"
  packages = [
    ".",
    "v01",
  ]
  pruneopts = "UT"
  revision = "17c1655cb929797454995e53fd412c8ac55a7475"

[solve-meta]
  analyzer-name = "dep"
  analyzer-version = 1
  input-imports = ["github.com/cloudevents/sdk-go/v01"]
  solver-name = "gps-cdcl"
  solver-version = 1
